{
  "name": "@mb-cli/exec",
  "version": "0.0.5",
  "lockfileVersion": 2,
  "requires": true,
  "packages": {
    "": {
      "name": "@mb-cli/exec",
      "version": "0.0.5",
      "license": "ISC",
      "dependencies": {
        "@mb-cli/log": "file:../../utils/log",
        "@mb-cli/package": "file:../../models/package"
      }
    },
    "../../models/log": {
      "extraneous": true
    },
    "../../models/package": {
      "name": "@mb-cli/package",
      "version": "0.0.4",
      "license": "ISC",
      "dependencies": {
        "@mb-cli/format-path": "file:../../utils/format-path",
        "@mb-cli/get-npm-info": "file:../../utils/get-npm-info",
        "@mb-cli/utils": "file:../../utils/utils",
        "fs-extra": "^11.2.0",
        "npminstall": "^7.11.1",
        "path-exists": "^4.0.0",
        "pkg-dir": "^5.0.0"
      }
    },
    "../../modules/package": {
      "extraneous": true
    },
    "../../utils/log": {
      "name": "@mb-cli/log",
      "version": "0.0.4",
      "license": "ISC",
      "dependencies": {
        "npmlog": "^7.0.1"
      }
    },
    "node_modules/@mb-cli/log": {
      "resolved": "../../utils/log",
      "link": true
    },
    "node_modules/@mb-cli/package": {
      "resolved": "../../models/package",
      "link": true
    }
  },
  "dependencies": {
    "@mb-cli/log": {
      "version": "file:../../utils/log",
      "requires": {
        "npmlog": "^7.0.1"
      }
    },
    "@mb-cli/package": {
      "version": "file:../../models/package",
      "requires": {
        "@mb-cli/format-path": "file:../../utils/format-path",
        "@mb-cli/get-npm-info": "file:../../utils/get-npm-info",
        "@mb-cli/utils": "file:../../utils/utils",
        "fs-extra": "^11.2.0",
        "npminstall": "^7.11.1",
        "path-exists": "^4.0.0",
        "pkg-dir": "^5.0.0"
      }
    }
  }
}
