{
  "name": "@mb-cli/exec",
  "version": "0.0.2",
  "lockfileVersion": 2,
  "requires": true,
  "packages": {
    "": {
      "name": "@mb-cli/exec",
      "version": "0.0.2",
      "license": "ISC",
      "dependencies": {
        "@mb-cli/log": "file:../../utils/log",
        "@mb-cli/Package": "file:../../models/package"
      }
    },
    "../../models/log": {
      "extraneous": true
    },
    "../../models/package": {
      "name": "@mb-cli/package",
      "version": "0.0.2",
      "license": "ISC"
    },
    "../../modules/package": {
      "extraneous": true
    },
    "../../utils/log": {
      "name": "@mb-cli/log",
      "version": "0.0.2",
      "license": "ISC",
      "dependencies": {
        "npmlog": "^7.0.1"
      }
    },
    "node_modules/@mb-cli/log": {
      "resolved": "../../utils/log",
      "link": true
    },
    "node_modules/@mb-cli/Package": {
      "resolved": "../../models/package",
      "link": true
    }
  },
  "dependencies": {
    "@mb-cli/log": {
      "version": "file:../../utils/log",
      "requires": {
        "npmlog": "^7.0.1"
      }
    },
    "@mb-cli/Package": {
      "version": "file:../../models/package"
    }
  }
}
